// !$*UTF8*$!
{
	archiveVersion = 1;
	classes = {
	};
	objectVersion = 46;
	objects = {

/* Begin PBXBuildFile section */
		080C67461C87D7FE00614575 /* ImagePickerSelectedImageView.m in Sources */ = {isa = PBXBuildFile; fileRef = 080C67451C87D7FE00614575 /* ImagePickerSelectedImageView.m */; };
		080C674C1C88EA7300614575 /* Model.xcdatamodeld in Sources */ = {isa = PBXBuildFile; fileRef = 080C674A1C88EA7300614575 /* Model.xcdatamodeld */; };
		080C67511C88EA9E00614575 /* Media+CoreDataProperties.m in Sources */ = {isa = PBXBuildFile; fileRef = 080C674E1C88EA9E00614575 /* Media+CoreDataProperties.m */; };
		080C67521C88EA9E00614575 /* Media.m in Sources */ = {isa = PBXBuildFile; fileRef = 080C67501C88EA9E00614575 /* Media.m */; };
		080C67551C88EEDD00614575 /* ImagePickerSelectedVideoView.m in Sources */ = {isa = PBXBuildFile; fileRef = 080C67541C88EEDD00614575 /* ImagePickerSelectedVideoView.m */; };
		080C67591C8CF7D900614575 /* IPVideoTimerView.m in Sources */ = {isa = PBXBuildFile; fileRef = 080C67581C8CF7D900614575 /* IPVideoTimerView.m */; };
		08EC14191C865F6400CCBD9E /* main.m in Sources */ = {isa = PBXBuildFile; fileRef = 08EC14181C865F6400CCBD9E /* main.m */; };
		08EC141C1C865F6400CCBD9E /* AppDelegate.m in Sources */ = {isa = PBXBuildFile; fileRef = 08EC141B1C865F6400CCBD9E /* AppDelegate.m */; };
		08EC141E1C865F6400CCBD9E /* Assets.xcassets in Resources */ = {isa = PBXBuildFile; fileRef = 08EC141D1C865F6400CCBD9E /* Assets.xcassets */; };
		08EC14211C865F6400CCBD9E /* LaunchScreen.storyboard in Resources */ = {isa = PBXBuildFile; fileRef = 08EC141F1C865F6400CCBD9E /* LaunchScreen.storyboard */; };
		08EC142C1C865F6500CCBD9E /* ImagePickerTests.m in Sources */ = {isa = PBXBuildFile; fileRef = 08EC142B1C865F6500CCBD9E /* ImagePickerTests.m */; };
		08EC14371C865F6500CCBD9E /* ImagePickerUITests.m in Sources */ = {isa = PBXBuildFile; fileRef = 08EC14361C865F6500CCBD9E /* ImagePickerUITests.m */; };
		08EC14491C86623600CCBD9E /* ImagePickerImageCollectionView.m in Sources */ = {isa = PBXBuildFile; fileRef = 08EC14481C86623600CCBD9E /* ImagePickerImageCollectionView.m */; };
		08EC144C1C8662FB00CCBD9E /* AppearanceUtility.m in Sources */ = {isa = PBXBuildFile; fileRef = 08EC144B1C8662FB00CCBD9E /* AppearanceUtility.m */; };
		08EC144F1C86673500CCBD9E /* ImagePickerImageSelectionView.m in Sources */ = {isa = PBXBuildFile; fileRef = 08EC144E1C86673500CCBD9E /* ImagePickerImageSelectionView.m */; };
		08EC14531C86991F00CCBD9E /* NSError+Extended.m in Sources */ = {isa = PBXBuildFile; fileRef = 08EC14521C86991F00CCBD9E /* NSError+Extended.m */; };
		08EC145F1C86AADE00CCBD9E /* CoreDataUtility.m in Sources */ = {isa = PBXBuildFile; fileRef = 08EC145E1C86AADE00CCBD9E /* CoreDataUtility.m */; };
		08EC14621C86B4C700CCBD9E /* FileSavingUtility.m in Sources */ = {isa = PBXBuildFile; fileRef = 08EC14611C86B4C700CCBD9E /* FileSavingUtility.m */; };
		201C430CF3F753E6D64E086A /* libPods.a in Frameworks */ = {isa = PBXBuildFile; fileRef = 93C2D87A0E4516F8A91D31AD /* libPods.a */; };
/* End PBXBuildFile section */

/* Begin PBXContainerItemProxy section */
		08EC14281C865F6500CCBD9E /* PBXContainerItemProxy */ = {
			isa = PBXContainerItemProxy;
			containerPortal = 08EC140C1C865F6400CCBD9E /* Project object */;
			proxyType = 1;
			remoteGlobalIDString = 08EC14131C865F6400CCBD9E;
			remoteInfo = ImagePicker;
		};
		08EC14331C865F6500CCBD9E /* PBXContainerItemProxy */ = {
			isa = PBXContainerItemProxy;
			containerPortal = 08EC140C1C865F6400CCBD9E /* Project object */;
			proxyType = 1;
			remoteGlobalIDString = 08EC14131C865F6400CCBD9E;
			remoteInfo = ImagePicker;
		};
/* End PBXContainerItemProxy section */

/* Begin PBXFileReference section */
		080C67441C87D7FE00614575 /* ImagePickerSelectedImageView.h */ = {isa = PBXFileReference; fileEncoding = 4; lastKnownFileType = sourcecode.c.h; path = ImagePickerSelectedImageView.h; sourceTree = "<group>"; };
		080C67451C87D7FE00614575 /* ImagePickerSelectedImageView.m */ = {isa = PBXFileReference; fileEncoding = 4; lastKnownFileType = sourcecode.c.objc; path = ImagePickerSelectedImageView.m; sourceTree = "<group>"; };
		080C674B1C88EA7300614575 /* Model.xcdatamodel */ = {isa = PBXFileReference; lastKnownFileType = wrapper.xcdatamodel; path = Model.xcdatamodel; sourceTree = "<group>"; };
		080C674D1C88EA9E00614575 /* Media+CoreDataProperties.h */ = {isa = PBXFileReference; fileEncoding = 4; lastKnownFileType = sourcecode.c.h; path = "Media+CoreDataProperties.h"; sourceTree = "<group>"; };
		080C674E1C88EA9E00614575 /* Media+CoreDataProperties.m */ = {isa = PBXFileReference; fileEncoding = 4; lastKnownFileType = sourcecode.c.objc; path = "Media+CoreDataProperties.m"; sourceTree = "<group>"; };
		080C674F1C88EA9E00614575 /* Media.h */ = {isa = PBXFileReference; fileEncoding = 4; lastKnownFileType = sourcecode.c.h; path = Media.h; sourceTree = "<group>"; };
		080C67501C88EA9E00614575 /* Media.m */ = {isa = PBXFileReference; fileEncoding = 4; lastKnownFileType = sourcecode.c.objc; path = Media.m; sourceTree = "<group>"; };
		080C67531C88EEDD00614575 /* ImagePickerSelectedVideoView.h */ = {isa = PBXFileReference; fileEncoding = 4; lastKnownFileType = sourcecode.c.h; path = ImagePickerSelectedVideoView.h; sourceTree = "<group>"; };
		080C67541C88EEDD00614575 /* ImagePickerSelectedVideoView.m */ = {isa = PBXFileReference; fileEncoding = 4; lastKnownFileType = sourcecode.c.objc; path = ImagePickerSelectedVideoView.m; sourceTree = "<group>"; };
		080C67571C8CF7D900614575 /* IPVideoTimerView.h */ = {isa = PBXFileReference; fileEncoding = 4; lastKnownFileType = sourcecode.c.h; path = IPVideoTimerView.h; sourceTree = "<group>"; };
		080C67581C8CF7D900614575 /* IPVideoTimerView.m */ = {isa = PBXFileReference; fileEncoding = 4; lastKnownFileType = sourcecode.c.objc; path = IPVideoTimerView.m; sourceTree = "<group>"; };
		08EC14141C865F6400CCBD9E /* ImagePicker.app */ = {isa = PBXFileReference; explicitFileType = wrapper.application; includeInIndex = 0; path = ImagePicker.app; sourceTree = BUILT_PRODUCTS_DIR; };
		08EC14181C865F6400CCBD9E /* main.m */ = {isa = PBXFileReference; lastKnownFileType = sourcecode.c.objc; path = main.m; sourceTree = "<group>"; };
		08EC141A1C865F6400CCBD9E /* AppDelegate.h */ = {isa = PBXFileReference; lastKnownFileType = sourcecode.c.h; path = AppDelegate.h; sourceTree = "<group>"; };
		08EC141B1C865F6400CCBD9E /* AppDelegate.m */ = {isa = PBXFileReference; lastKnownFileType = sourcecode.c.objc; path = AppDelegate.m; sourceTree = "<group>"; };
		08EC141D1C865F6400CCBD9E /* Assets.xcassets */ = {isa = PBXFileReference; lastKnownFileType = folder.assetcatalog; path = Assets.xcassets; sourceTree = "<group>"; };
		08EC14201C865F6400CCBD9E /* Base */ = {isa = PBXFileReference; lastKnownFileType = file.storyboard; name = Base; path = Base.lproj/LaunchScreen.storyboard; sourceTree = "<group>"; };
		08EC14221C865F6400CCBD9E /* Info.plist */ = {isa = PBXFileReference; lastKnownFileType = text.plist.xml; path = Info.plist; sourceTree = "<group>"; };
		08EC14271C865F6500CCBD9E /* ImagePickerTests.xctest */ = {isa = PBXFileReference; explicitFileType = wrapper.cfbundle; includeInIndex = 0; path = ImagePickerTests.xctest; sourceTree = BUILT_PRODUCTS_DIR; };
		08EC142B1C865F6500CCBD9E /* ImagePickerTests.m */ = {isa = PBXFileReference; lastKnownFileType = sourcecode.c.objc; path = ImagePickerTests.m; sourceTree = "<group>"; };
		08EC142D1C865F6500CCBD9E /* Info.plist */ = {isa = PBXFileReference; lastKnownFileType = text.plist.xml; path = Info.plist; sourceTree = "<group>"; };
		08EC14321C865F6500CCBD9E /* ImagePickerUITests.xctest */ = {isa = PBXFileReference; explicitFileType = wrapper.cfbundle; includeInIndex = 0; path = ImagePickerUITests.xctest; sourceTree = BUILT_PRODUCTS_DIR; };
		08EC14361C865F6500CCBD9E /* ImagePickerUITests.m */ = {isa = PBXFileReference; lastKnownFileType = sourcecode.c.objc; path = ImagePickerUITests.m; sourceTree = "<group>"; };
		08EC14381C865F6500CCBD9E /* Info.plist */ = {isa = PBXFileReference; lastKnownFileType = text.plist.xml; path = Info.plist; sourceTree = "<group>"; };
		08EC14471C86623600CCBD9E /* ImagePickerImageCollectionView.h */ = {isa = PBXFileReference; fileEncoding = 4; lastKnownFileType = sourcecode.c.h; path = ImagePickerImageCollectionView.h; sourceTree = "<group>"; };
		08EC14481C86623600CCBD9E /* ImagePickerImageCollectionView.m */ = {isa = PBXFileReference; fileEncoding = 4; lastKnownFileType = sourcecode.c.objc; path = ImagePickerImageCollectionView.m; sourceTree = "<group>"; };
		08EC144A1C8662FB00CCBD9E /* AppearanceUtility.h */ = {isa = PBXFileReference; fileEncoding = 4; lastKnownFileType = sourcecode.c.h; path = AppearanceUtility.h; sourceTree = "<group>"; };
		08EC144B1C8662FB00CCBD9E /* AppearanceUtility.m */ = {isa = PBXFileReference; fileEncoding = 4; lastKnownFileType = sourcecode.c.objc; path = AppearanceUtility.m; sourceTree = "<group>"; };
		08EC144D1C86673500CCBD9E /* ImagePickerImageSelectionView.h */ = {isa = PBXFileReference; fileEncoding = 4; lastKnownFileType = sourcecode.c.h; path = ImagePickerImageSelectionView.h; sourceTree = "<group>"; };
		08EC144E1C86673500CCBD9E /* ImagePickerImageSelectionView.m */ = {isa = PBXFileReference; fileEncoding = 4; lastKnownFileType = sourcecode.c.objc; path = ImagePickerImageSelectionView.m; sourceTree = "<group>"; };
		08EC14511C86991F00CCBD9E /* NSError+Extended.h */ = {isa = PBXFileReference; fileEncoding = 4; lastKnownFileType = sourcecode.c.h; path = "NSError+Extended.h"; sourceTree = "<group>"; };
		08EC14521C86991F00CCBD9E /* NSError+Extended.m */ = {isa = PBXFileReference; fileEncoding = 4; lastKnownFileType = sourcecode.c.objc; path = "NSError+Extended.m"; sourceTree = "<group>"; };
		08EC145D1C86AADE00CCBD9E /* CoreDataUtility.h */ = {isa = PBXFileReference; fileEncoding = 4; lastKnownFileType = sourcecode.c.h; path = CoreDataUtility.h; sourceTree = "<group>"; };
		08EC145E1C86AADE00CCBD9E /* CoreDataUtility.m */ = {isa = PBXFileReference; fileEncoding = 4; lastKnownFileType = sourcecode.c.objc; path = CoreDataUtility.m; sourceTree = "<group>"; };
		08EC14601C86B4C700CCBD9E /* FileSavingUtility.h */ = {isa = PBXFileReference; fileEncoding = 4; lastKnownFileType = sourcecode.c.h; path = FileSavingUtility.h; sourceTree = "<group>"; };
		08EC14611C86B4C700CCBD9E /* FileSavingUtility.m */ = {isa = PBXFileReference; fileEncoding = 4; lastKnownFileType = sourcecode.c.objc; path = FileSavingUtility.m; sourceTree = "<group>"; };
		216DBAA0B7484D19BDAB5637 /* Pods.debug.xcconfig */ = {isa = PBXFileReference; includeInIndex = 1; lastKnownFileType = text.xcconfig; name = Pods.debug.xcconfig; path = "Pods/Target Support Files/Pods/Pods.debug.xcconfig"; sourceTree = "<group>"; };
		93C2D87A0E4516F8A91D31AD /* libPods.a */ = {isa = PBXFileReference; explicitFileType = archive.ar; includeInIndex = 0; path = libPods.a; sourceTree = BUILT_PRODUCTS_DIR; };
		BDB5B8357890478BB1726520 /* Pods.release.xcconfig */ = {isa = PBXFileReference; includeInIndex = 1; lastKnownFileType = text.xcconfig; name = Pods.release.xcconfig; path = "Pods/Target Support Files/Pods/Pods.release.xcconfig"; sourceTree = "<group>"; };
/* End PBXFileReference section */

/* Begin PBXFrameworksBuildPhase section */
		08EC14111C865F6400CCBD9E /* Frameworks */ = {
			isa = PBXFrameworksBuildPhase;
			buildActionMask = 2147483647;
			files = (
				201C430CF3F753E6D64E086A /* libPods.a in Frameworks */,
			);
			runOnlyForDeploymentPostprocessing = 0;
		};
		08EC14241C865F6500CCBD9E /* Frameworks */ = {
			isa = PBXFrameworksBuildPhase;
			buildActionMask = 2147483647;
			files = (
			);
			runOnlyForDeploymentPostprocessing = 0;
		};
		08EC142F1C865F6500CCBD9E /* Frameworks */ = {
			isa = PBXFrameworksBuildPhase;
			buildActionMask = 2147483647;
			files = (
			);
			runOnlyForDeploymentPostprocessing = 0;
		};
/* End PBXFrameworksBuildPhase section */

/* Begin PBXGroup section */
		080C67561C8CF7B500614575 /* Views */ = {
			isa = PBXGroup;
			children = (
				080C67571C8CF7D900614575 /* IPVideoTimerView.h */,
				080C67581C8CF7D900614575 /* IPVideoTimerView.m */,
			);
			name = Views;
			sourceTree = "<group>";
		};
		08EC140B1C865F6400CCBD9E = {
			isa = PBXGroup;
			children = (
				08EC14161C865F6400CCBD9E /* ImagePicker */,
				08EC142A1C865F6500CCBD9E /* ImagePickerTests */,
				08EC14351C865F6500CCBD9E /* ImagePickerUITests */,
				08EC14151C865F6400CCBD9E /* Products */,
				D71E750AF9B5C4F706DF7303 /* Pods */,
				15A2C281644BE6A8BA4671EA /* Frameworks */,
			);
			sourceTree = "<group>";
		};
		08EC14151C865F6400CCBD9E /* Products */ = {
			isa = PBXGroup;
			children = (
				08EC14141C865F6400CCBD9E /* ImagePicker.app */,
				08EC14271C865F6500CCBD9E /* ImagePickerTests.xctest */,
				08EC14321C865F6500CCBD9E /* ImagePickerUITests.xctest */,
			);
			name = Products;
			sourceTree = "<group>";
		};
		08EC14161C865F6400CCBD9E /* ImagePicker */ = {
			isa = PBXGroup;
			children = (
				08EC141A1C865F6400CCBD9E /* AppDelegate.h */,
				08EC141B1C865F6400CCBD9E /* AppDelegate.m */,
				08EC14461C865FC700CCBD9E /* Model */,
				08EC14451C865FBC00CCBD9E /* Utilities */,
				08EC14441C865FB500CCBD9E /* Screens */,
				08EC14171C865F6400CCBD9E /* Supporting Files */,
			);
			path = ImagePicker;
			sourceTree = "<group>";
		};
		08EC14171C865F6400CCBD9E /* Supporting Files */ = {
			isa = PBXGroup;
			children = (
				08EC14221C865F6400CCBD9E /* Info.plist */,
				08EC14181C865F6400CCBD9E /* main.m */,
				08EC141F1C865F6400CCBD9E /* LaunchScreen.storyboard */,
				08EC141D1C865F6400CCBD9E /* Assets.xcassets */,
			);
			name = "Supporting Files";
			sourceTree = "<group>";
		};
		08EC142A1C865F6500CCBD9E /* ImagePickerTests */ = {
			isa = PBXGroup;
			children = (
				08EC142B1C865F6500CCBD9E /* ImagePickerTests.m */,
				08EC142D1C865F6500CCBD9E /* Info.plist */,
			);
			path = ImagePickerTests;
			sourceTree = "<group>";
		};
		08EC14351C865F6500CCBD9E /* ImagePickerUITests */ = {
			isa = PBXGroup;
			children = (
				08EC14361C865F6500CCBD9E /* ImagePickerUITests.m */,
				08EC14381C865F6500CCBD9E /* Info.plist */,
			);
			path = ImagePickerUITests;
			sourceTree = "<group>";
		};
		08EC14441C865FB500CCBD9E /* Screens */ = {
			isa = PBXGroup;
			children = (
				080C67561C8CF7B500614575 /* Views */,
				08EC14471C86623600CCBD9E /* ImagePickerImageCollectionView.h */,
				08EC14481C86623600CCBD9E /* ImagePickerImageCollectionView.m */,
				08EC144D1C86673500CCBD9E /* ImagePickerImageSelectionView.h */,
				08EC144E1C86673500CCBD9E /* ImagePickerImageSelectionView.m */,
				080C67441C87D7FE00614575 /* ImagePickerSelectedImageView.h */,
				080C67451C87D7FE00614575 /* ImagePickerSelectedImageView.m */,
				080C67531C88EEDD00614575 /* ImagePickerSelectedVideoView.h */,
				080C67541C88EEDD00614575 /* ImagePickerSelectedVideoView.m */,
			);
			name = Screens;
			sourceTree = "<group>";
		};
		08EC14451C865FBC00CCBD9E /* Utilities */ = {
			isa = PBXGroup;
			children = (
				08EC14501C8698F900CCBD9E /* Categories */,
				08EC144A1C8662FB00CCBD9E /* AppearanceUtility.h */,
				08EC144B1C8662FB00CCBD9E /* AppearanceUtility.m */,
				08EC145D1C86AADE00CCBD9E /* CoreDataUtility.h */,
				08EC145E1C86AADE00CCBD9E /* CoreDataUtility.m */,
				08EC14601C86B4C700CCBD9E /* FileSavingUtility.h */,
				08EC14611C86B4C700CCBD9E /* FileSavingUtility.m */,
			);
			name = Utilities;
			sourceTree = "<group>";
		};
		08EC14461C865FC700CCBD9E /* Model */ = {
			isa = PBXGroup;
			children = (
				080C674D1C88EA9E00614575 /* Media+CoreDataProperties.h */,
				080C674E1C88EA9E00614575 /* Media+CoreDataProperties.m */,
				080C674F1C88EA9E00614575 /* Media.h */,
				080C67501C88EA9E00614575 /* Media.m */,
				080C674A1C88EA7300614575 /* Model.xcdatamodeld */,
			);
			name = Model;
			sourceTree = "<group>";
		};
		08EC14501C8698F900CCBD9E /* Categories */ = {
			isa = PBXGroup;
			children = (
				08EC14511C86991F00CCBD9E /* NSError+Extended.h */,
				08EC14521C86991F00CCBD9E /* NSError+Extended.m */,
			);
			name = Categories;
			sourceTree = "<group>";
		};
		15A2C281644BE6A8BA4671EA /* Frameworks */ = {
			isa = PBXGroup;
			children = (
				93C2D87A0E4516F8A91D31AD /* libPods.a */,
			);
			name = Frameworks;
			sourceTree = "<group>";
		};
		D71E750AF9B5C4F706DF7303 /* Pods */ = {
			isa = PBXGroup;
			children = (
				216DBAA0B7484D19BDAB5637 /* Pods.debug.xcconfig */,
				BDB5B8357890478BB1726520 /* Pods.release.xcconfig */,
			);
			name = Pods;
			sourceTree = "<group>";
		};
/* End PBXGroup section */

/* Begin PBXNativeTarget section */
		08EC14131C865F6400CCBD9E /* ImagePicker */ = {
			isa = PBXNativeTarget;
			buildConfigurationList = 08EC143B1C865F6500CCBD9E /* Build configuration list for PBXNativeTarget "ImagePicker" */;
			buildPhases = (
				3AD631D8799CA01587B4AB70 /* Check Pods Manifest.lock */,
				08EC14101C865F6400CCBD9E /* Sources */,
				08EC14111C865F6400CCBD9E /* Frameworks */,
				08EC14121C865F6400CCBD9E /* Resources */,
				D72820736E83FF23589273D2 /* Embed Pods Frameworks */,
				935E3938F9E717978EB314B6 /* Copy Pods Resources */,
			);
			buildRules = (
			);
			dependencies = (
			);
			name = ImagePicker;
			productName = ImagePicker;
			productReference = 08EC14141C865F6400CCBD9E /* ImagePicker.app */;
			productType = "com.apple.product-type.application";
		};
		08EC14261C865F6500CCBD9E /* ImagePickerTests */ = {
			isa = PBXNativeTarget;
			buildConfigurationList = 08EC143E1C865F6500CCBD9E /* Build configuration list for PBXNativeTarget "ImagePickerTests" */;
			buildPhases = (
				08EC14231C865F6500CCBD9E /* Sources */,
				08EC14241C865F6500CCBD9E /* Frameworks */,
				08EC14251C865F6500CCBD9E /* Resources */,
			);
			buildRules = (
			);
			dependencies = (
				08EC14291C865F6500CCBD9E /* PBXTargetDependency */,
			);
			name = ImagePickerTests;
			productName = ImagePickerTests;
			productReference = 08EC14271C865F6500CCBD9E /* ImagePickerTests.xctest */;
			productType = "com.apple.product-type.bundle.unit-test";
		};
		08EC14311C865F6500CCBD9E /* ImagePickerUITests */ = {
			isa = PBXNativeTarget;
			buildConfigurationList = 08EC14411C865F6500CCBD9E /* Build configuration list for PBXNativeTarget "ImagePickerUITests" */;
			buildPhases = (
				08EC142E1C865F6500CCBD9E /* Sources */,
				08EC142F1C865F6500CCBD9E /* Frameworks */,
				08EC14301C865F6500CCBD9E /* Resources */,
			);
			buildRules = (
			);
			dependencies = (
				08EC14341C865F6500CCBD9E /* PBXTargetDependency */,
			);
			name = ImagePickerUITests;
			productName = ImagePickerUITests;
			productReference = 08EC14321C865F6500CCBD9E /* ImagePickerUITests.xctest */;
			productType = "com.apple.product-type.bundle.ui-testing";
		};
/* End PBXNativeTarget section */

/* Begin PBXProject section */
		08EC140C1C865F6400CCBD9E /* Project object */ = {
			isa = PBXProject;
			attributes = {
				LastUpgradeCheck = 0720;
				ORGANIZATIONNAME = "Robyn Van Deventer";
				TargetAttributes = {
					08EC14131C865F6400CCBD9E = {
						CreatedOnToolsVersion = 7.2;
						DevelopmentTeam = V7X9ZAD6YM;
					};
					08EC14261C865F6500CCBD9E = {
						CreatedOnToolsVersion = 7.2;
						TestTargetID = 08EC14131C865F6400CCBD9E;
					};
					08EC14311C865F6500CCBD9E = {
						CreatedOnToolsVersion = 7.2;
						TestTargetID = 08EC14131C865F6400CCBD9E;
					};
				};
			};
			buildConfigurationList = 08EC140F1C865F6400CCBD9E /* Build configuration list for PBXProject "ImagePicker" */;
			compatibilityVersion = "Xcode 3.2";
			developmentRegion = English;
			hasScannedForEncodings = 0;
			knownRegions = (
				en,
				Base,
			);
			mainGroup = 08EC140B1C865F6400CCBD9E;
			productRefGroup = 08EC14151C865F6400CCBD9E /* Products */;
			projectDirPath = "";
			projectRoot = "";
			targets = (
				08EC14131C865F6400CCBD9E /* ImagePicker */,
				08EC14261C865F6500CCBD9E /* ImagePickerTests */,
				08EC14311C865F6500CCBD9E /* ImagePickerUITests */,
			);
		};
/* End PBXProject section */

/* Begin PBXResourcesBuildPhase section */
		08EC14121C865F6400CCBD9E /* Resources */ = {
			isa = PBXResourcesBuildPhase;
			buildActionMask = 2147483647;
			files = (
				08EC141E1C865F6400CCBD9E /* Assets.xcassets in Resources */,
				08EC14211C865F6400CCBD9E /* LaunchScreen.storyboard in Resources */,
			);
			runOnlyForDeploymentPostprocessing = 0;
		};
		08EC14251C865F6500CCBD9E /* Resources */ = {
			isa = PBXResourcesBuildPhase;
			buildActionMask = 2147483647;
			files = (
			);
			runOnlyForDeploymentPostprocessing = 0;
		};
		08EC14301C865F6500CCBD9E /* Resources */ = {
			isa = PBXResourcesBuildPhase;
			buildActionMask = 2147483647;
			files = (
			);
			runOnlyForDeploymentPostprocessing = 0;
		};
/* End PBXResourcesBuildPhase section */

/* Begin PBXShellScriptBuildPhase section */
		3AD631D8799CA01587B4AB70 /* Check Pods Manifest.lock */ = {
			isa = PBXShellScriptBuildPhase;
			buildActionMask = 2147483647;
			files = (
			);
			inputPaths = (
			);
			name = "Check Pods Manifest.lock";
			outputPaths = (
			);
			runOnlyForDeploymentPostprocessing = 0;
			shellPath = /bin/sh;
			shellScript = "diff \"${PODS_ROOT}/../Podfile.lock\" \"${PODS_ROOT}/Manifest.lock\" > /dev/null\nif [[ $? != 0 ]] ; then\n    cat << EOM\nerror: The sandbox is not in sync with the Podfile.lock. Run 'pod install' or update your CocoaPods installation.\nEOM\n    exit 1\nfi\n";
			showEnvVarsInLog = 0;
		};
		935E3938F9E717978EB314B6 /* Copy Pods Resources */ = {
			isa = PBXShellScriptBuildPhase;
			buildActionMask = 2147483647;
			files = (
			);
			inputPaths = (
			);
			name = "Copy Pods Resources";
			outputPaths = (
			);
			runOnlyForDeploymentPostprocessing = 0;
			shellPath = /bin/sh;
			shellScript = "\"${SRCROOT}/Pods/Target Support Files/Pods/Pods-resources.sh\"\n";
			showEnvVarsInLog = 0;
		};
		D72820736E83FF23589273D2 /* Embed Pods Frameworks */ = {
			isa = PBXShellScriptBuildPhase;
			buildActionMask = 2147483647;
			files = (
			);
			inputPaths = (
			);
			name = "Embed Pods Frameworks";
			outputPaths = (
			);
			runOnlyForDeploymentPostprocessing = 0;
			shellPath = /bin/sh;
			shellScript = "\"${SRCROOT}/Pods/Target Support Files/Pods/Pods-frameworks.sh\"\n";
			showEnvVarsInLog = 0;
		};
/* End PBXShellScriptBuildPhase section */

/* Begin PBXSourcesBuildPhase section */
		08EC14101C865F6400CCBD9E /* Sources */ = {
			isa = PBXSourcesBuildPhase;
			buildActionMask = 2147483647;
			files = (
				08EC14531C86991F00CCBD9E /* NSError+Extended.m in Sources */,
				08EC14491C86623600CCBD9E /* ImagePickerImageCollectionView.m in Sources */,
				08EC141C1C865F6400CCBD9E /* AppDelegate.m in Sources */,
				08EC14621C86B4C700CCBD9E /* FileSavingUtility.m in Sources */,
				08EC145F1C86AADE00CCBD9E /* CoreDataUtility.m in Sources */,
				080C67511C88EA9E00614575 /* Media+CoreDataProperties.m in Sources */,
				080C67521C88EA9E00614575 /* Media.m in Sources */,
				080C67591C8CF7D900614575 /* IPVideoTimerView.m in Sources */,
				080C67551C88EEDD00614575 /* ImagePickerSelectedVideoView.m in Sources */,
				080C67461C87D7FE00614575 /* ImagePickerSelectedImageView.m in Sources */,
				08EC144C1C8662FB00CCBD9E /* AppearanceUtility.m in Sources */,
				080C674C1C88EA7300614575 /* Model.xcdatamodeld in Sources */,
				08EC14191C865F6400CCBD9E /* main.m in Sources */,
				08EC144F1C86673500CCBD9E /* ImagePickerImageSelectionView.m in Sources */,
			);
			runOnlyForDeploymentPostprocessing = 0;
		};
		08EC14231C865F6500CCBD9E /* Sources */ = {
			isa = PBXSourcesBuildPhase;
			buildActionMask = 2147483647;
			files = (
				08EC142C1C865F6500CCBD9E /* ImagePickerTests.m in Sources */,
			);
			runOnlyForDeploymentPostprocessing = 0;
		};
		08EC142E1C865F6500CCBD9E /* Sources */ = {
			isa = PBXSourcesBuildPhase;
			buildActionMask = 2147483647;
			files = (
				08EC14371C865F6500CCBD9E /* ImagePickerUITests.m in Sources */,
			);
			runOnlyForDeploymentPostprocessing = 0;
		};
/* End PBXSourcesBuildPhase section */

/* Begin PBXTargetDependency section */
		08EC14291C865F6500CCBD9E /* PBXTargetDependency */ = {
			isa = PBXTargetDependency;
			target = 08EC14131C865F6400CCBD9E /* ImagePicker */;
			targetProxy = 08EC14281C865F6500CCBD9E /* PBXContainerItemProxy */;
		};
		08EC14341C865F6500CCBD9E /* PBXTargetDependency */ = {
			isa = PBXTargetDependency;
			target = 08EC14131C865F6400CCBD9E /* ImagePicker */;
			targetProxy = 08EC14331C865F6500CCBD9E /* PBXContainerItemProxy */;
		};
/* End PBXTargetDependency section */

/* Begin PBXVariantGroup section */
		08EC141F1C865F6400CCBD9E /* LaunchScreen.storyboard */ = {
			isa = PBXVariantGroup;
			children = (
				08EC14201C865F6400CCBD9E /* Base */,
			);
			name = LaunchScreen.storyboard;
			sourceTree = "<group>";
		};
/* End PBXVariantGroup section */

/* Begin XCBuildConfiguration section */
		08EC14391C865F6500CCBD9E /* Debug */ = {
			isa = XCBuildConfiguration;
			buildSettings = {
				ALWAYS_SEARCH_USER_PATHS = NO;
				CLANG_CXX_LANGUAGE_STANDARD = "gnu++0x";
				CLANG_CXX_LIBRARY = "libc++";
				CLANG_ENABLE_MODULES = YES;
				CLANG_ENABLE_OBJC_ARC = YES;
				CLANG_WARN_BOOL_CONVERSION = YES;
				CLANG_WARN_CONSTANT_CONVERSION = YES;
				CLANG_WARN_DIRECT_OBJC_ISA_USAGE = YES_ERROR;
				CLANG_WARN_EMPTY_BODY = YES;
				CLANG_WARN_ENUM_CONVERSION = YES;
				CLANG_WARN_INT_CONVERSION = YES;
				CLANG_WARN_OBJC_ROOT_CLASS = YES_ERROR;
				CLANG_WARN_UNREACHABLE_CODE = YES;
				CLANG_WARN__DUPLICATE_METHOD_MATCH = YES;
				"CODE_SIGN_IDENTITY[sdk=iphoneos*]" = "iPhone Developer";
				COPY_PHASE_STRIP = NO;
				DEBUG_INFORMATION_FORMAT = dwarf;
				ENABLE_STRICT_OBJC_MSGSEND = YES;
				ENABLE_TESTABILITY = YES;
				GCC_C_LANGUAGE_STANDARD = gnu99;
				GCC_DYNAMIC_NO_PIC = NO;
				GCC_NO_COMMON_BLOCKS = YES;
				GCC_OPTIMIZATION_LEVEL = 0;
				GCC_PREPROCESSOR_DEFINITIONS = (
					"DEBUG=1",
					"$(inherited)",
				);
				GCC_WARN_64_TO_32_BIT_CONVERSION = YES;
				GCC_WARN_ABOUT_RETURN_TYPE = YES_ERROR;
				GCC_WARN_UNDECLARED_SELECTOR = YES;
				GCC_WARN_UNINITIALIZED_AUTOS = YES_AGGRESSIVE;
				GCC_WARN_UNUSED_FUNCTION = YES;
				GCC_WARN_UNUSED_VARIABLE = YES;
				IPHONEOS_DEPLOYMENT_TARGET = 9.2;
				MTL_ENABLE_DEBUG_INFO = YES;
				ONLY_ACTIVE_ARCH = YES;
				SDKROOT = iphoneos;
			};
			name = Debug;
		};
		08EC143A1C865F6500CCBD9E /* Release */ = {
			isa = XCBuildConfiguration;
			buildSettings = {
				ALWAYS_SEARCH_USER_PATHS = NO;
				CLANG_CXX_LANGUAGE_STANDARD = "gnu++0x";
				CLANG_CXX_LIBRARY = "libc++";
				CLANG_ENABLE_MODULES = YES;
				CLANG_ENABLE_OBJC_ARC = YES;
				CLANG_WARN_BOOL_CONVERSION = YES;
				CLANG_WARN_CONSTANT_CONVERSION = YES;
				CLANG_WARN_DIRECT_OBJC_ISA_USAGE = YES_ERROR;
				CLANG_WARN_EMPTY_BODY = YES;
				CLANG_WARN_ENUM_CONVERSION = YES;
				CLANG_WARN_INT_CONVERSION = YES;
				CLANG_WARN_OBJC_ROOT_CLASS = YES_ERROR;
				CLANG_WARN_UNREACHABLE_CODE = YES;
				CLANG_WARN__DUPLICATE_METHOD_MATCH = YES;
				"CODE_SIGN_IDENTITY[sdk=iphoneos*]" = "iPhone Developer";
				COPY_PHASE_STRIP = NO;
				DEBUG_INFORMATION_FORMAT = "dwarf-with-dsym";
				ENABLE_NS_ASSERTIONS = NO;
				ENABLE_STRICT_OBJC_MSGSEND = YES;
				GCC_C_LANGUAGE_STANDARD = gnu99;
				GCC_NO_COMMON_BLOCKS = YES;
				GCC_WARN_64_TO_32_BIT_CONVERSION = YES;
				GCC_WARN_ABOUT_RETURN_TYPE = YES_ERROR;
				GCC_WARN_UNDECLARED_SELECTOR = YES;
				GCC_WARN_UNINITIALIZED_AUTOS = YES_AGGRESSIVE;
				GCC_WARN_UNUSED_FUNCTION = YES;
				GCC_WARN_UNUSED_VARIABLE = YES;
				IPHONEOS_DEPLOYMENT_TARGET = 9.2;
				MTL_ENABLE_DEBUG_INFO = NO;
				SDKROOT = iphoneos;
				VALIDATE_PRODUCT = YES;
			};
			name = Release;
		};
		08EC143C1C865F6500CCBD9E /* Debug */ = {
			isa = XCBuildConfiguration;
			baseConfigurationReference = 216DBAA0B7484D19BDAB5637 /* Pods.debug.xcconfig */;
			buildSettings = {
				ASSETCATALOG_COMPILER_APPICON_NAME = AppIcon;
				CODE_SIGN_IDENTITY = "iPhone Developer";
				"CODE_SIGN_IDENTITY[sdk=iphoneos*]" = "iPhone Developer";
				INFOPLIST_FILE = ImagePicker/Info.plist;
				IPHONEOS_DEPLOYMENT_TARGET = 8.0;
				LD_RUNPATH_SEARCH_PATHS = "$(inherited) @executable_path/Frameworks";
				PRODUCT_BUNDLE_IDENTIFIER = com.robynvd.ImagePicker;
				PRODUCT_NAME = "$(TARGET_NAME)";
				PROVISIONING_PROFILE = "";
			};
			name = Debug;
		};
		08EC143D1C865F6500CCBD9E /* Release */ = {
			isa = XCBuildConfiguration;
			baseConfigurationReference = BDB5B8357890478BB1726520 /* Pods.release.xcconfig */;
			buildSettings = {
				ASSETCATALOG_COMPILER_APPICON_NAME = AppIcon;
				CODE_SIGN_IDENTITY = "iPhone Developer";
				"CODE_SIGN_IDENTITY[sdk=iphoneos*]" = "iPhone Developer";
				INFOPLIST_FILE = ImagePicker/Info.plist;
				IPHONEOS_DEPLOYMENT_TARGET = 8.0;
				LD_RUNPATH_SEARCH_PATHS = "$(inherited) @executable_path/Frameworks";
				PRODUCT_BUNDLE_IDENTIFIER = com.robynvd.ImagePicker;
				PRODUCT_NAME = "$(TARGET_NAME)";
				PROVISIONING_PROFILE = "";
			};
			name = Release;
		};
		08EC143F1C865F6500CCBD9E /* Debug */ = {
			isa = XCBuildConfiguration;
			buildSettings = {
				BUNDLE_LOADER = "$(TEST_HOST)";
				INFOPLIST_FILE = ImagePickerTests/Info.plist;
				LD_RUNPATH_SEARCH_PATHS = "$(inherited) @executable_path/Frameworks @loader_path/Frameworks";
				PRODUCT_BUNDLE_IDENTIFIER = com.robynvd.ImagePickerTests;
				PRODUCT_NAME = "$(TARGET_NAME)";
				TEST_HOST = "$(BUILT_PRODUCTS_DIR)/ImagePicker.app/ImagePicker";
			};
			name = Debug;
		};
		08EC14401C865F6500CCBD9E /* Release */ = {
			isa = XCBuildConfiguration;
			buildSettings = {
				BUNDLE_LOADER = "$(TEST_HOST)";
				INFOPLIST_FILE = ImagePickerTests/Info.plist;
				LD_RUNPATH_SEARCH_PATHS = "$(inherited) @executable_path/Frameworks @loader_path/Frameworks";
				PRODUCT_BUNDLE_IDENTIFIER = com.robynvd.ImagePickerTests;
				PRODUCT_NAME = "$(TARGET_NAME)";
				TEST_HOST = "$(BUILT_PRODUCTS_DIR)/ImagePicker.app/ImagePicker";
			};
			name = Release;
		};
		08EC14421C865F6500CCBD9E /* Debug */ = {
			isa = XCBuildConfiguration;
			buildSettings = {
				INFOPLIST_FILE = ImagePickerUITests/Info.plist;
				LD_RUNPATH_SEARCH_PATHS = "$(inherited) @executable_path/Frameworks @loader_path/Frameworks";
				PRODUCT_BUNDLE_IDENTIFIER = com.robynvd.ImagePickerUITests;
				PRODUCT_NAME = "$(TARGET_NAME)";
				TEST_TARGET_NAME = ImagePicker;
				USES_XCTRUNNER = YES;
			};
			name = Debug;
		};
		08EC14431C865F6500CCBD9E /* Release */ = {
			isa = XCBuildConfiguration;
			buildSettings = {
				INFOPLIST_FILE = ImagePickerUITests/Info.plist;
				LD_RUNPATH_SEARCH_PATHS = "$(inherited) @executable_path/Frameworks @loader_path/Frameworks";
				PRODUCT_BUNDLE_IDENTIFIER = com.robynvd.ImagePickerUITests;
				PRODUCT_NAME = "$(TARGET_NAME)";
				TEST_TARGET_NAME = ImagePicker;
				USES_XCTRUNNER = YES;
			};
			name = Release;
		};
/* End XCBuildConfiguration section */

/* Begin XCConfigurationList section */
		08EC140F1C865F6400CCBD9E /* Build configuration list for PBXProject "ImagePicker" */ = {
			isa = XCConfigurationList;
			buildConfigurations = (
				08EC14391C865F6500CCBD9E /* Debug */,
				08EC143A1C865F6500CCBD9E /* Release */,
			);
			defaultConfigurationIsVisible = 0;
			defaultConfigurationName = Release;
		};
		08EC143B1C865F6500CCBD9E /* Build configuration list for PBXNativeTarget "ImagePicker" */ = {
			isa = XCConfigurationList;
			buildConfigurations = (
				08EC143C1C865F6500CCBD9E /* Debug */,
				08EC143D1C865F6500CCBD9E /* Release */,
			);
			defaultConfigurationIsVisible = 0;
			defaultConfigurationName = Release;
		};
		08EC143E1C865F6500CCBD9E /* Build configuration list for PBXNativeTarget "ImagePickerTests" */ = {
			isa = XCConfigurationList;
			buildConfigurations = (
				08EC143F1C865F6500CCBD9E /* Debug */,
				08EC14401C865F6500CCBD9E /* Release */,
			);
			defaultConfigurationIsVisible = 0;
			defaultConfigurationName = Release;
		};
		08EC14411C865F6500CCBD9E /* Build configuration list for PBXNativeTarget "ImagePickerUITests" */ = {
			isa = XCConfigurationList;
			buildConfigurations = (
				08EC14421C865F6500CCBD9E /* Debug */,
				08EC14431C865F6500CCBD9E /* Release */,
			);
			defaultConfigurationIsVisible = 0;
			defaultConfigurationName = Release;
		};
/* End XCConfigurationList section */

/* Begin XCVersionGroup section */
		080C674A1C88EA7300614575 /* Model.xcdatamodeld */ = {
			isa = XCVersionGroup;
			children = (
				080C674B1C88EA7300614575 /* Model.xcdatamodel */,
			);
			currentVersion = 080C674B1C88EA7300614575 /* Model.xcdatamodel */;
			path = Model.xcdatamodeld;
			sourceTree = "<group>";
			versionGroupType = wrapper.xcdatamodel;
		};
/* End XCVersionGroup section */
	};
	rootObject = 08EC140C1C865F6400CCBD9E /* Project object */;
}
